
Microsoft Visual Studio Solution File, Format Version 12.00
# Visual Studio Version 16
VisualStudioVersion = 16.0.810.6
MinimumVisualStudioVersion = 10.0.40219.1
Project("{FAE04EC0-301F-11D3-BF4B-00C04F79EFBC}") = "DependencyInjectionExamples", "DependencyInjectionExamples\DependencyInjectionExamples.csproj", "{597FB4D4-F148-4603-8721-846DA3BAC3EE}"
EndProject
Global
	GlobalSection(SolutionConfigurationPlatforms) = preSolution
		Debug|Any CPU = Debug|Any CPU
		Release|Any CPU = Release|Any CPU
	EndGlobalSection
	GlobalSection(ProjectConfigurationPlatforms) = postSolution
		{597FB4D4-F148-4603-8721-846DA3BAC3EE}.Debug|Any CPU.ActiveCfg = Debug|Any CPU
		{597FB4D4-F148-4603-8721-846DA3BAC3EE}.Debug|Any CPU.Build.0 = Debug|Any CPU
		{597FB4D4-F148-4603-8721-846DA3BAC3EE}.Release|Any CPU.ActiveCfg = Release|Any CPU
		{597FB4D4-F148-4603-8721-846DA3BAC3EE}.Release|Any CPU.Build.0 = Release|Any CPU
	EndGlobalSection
	GlobalSection(SolutionProperties) = preSolution
		HideSolutionNode = FALSE
	EndGlobalSection
	GlobalSection(ExtensibilityGlobals) = postSolution
		SolutionGuid = {436FFCDA-0EDD-4B67-94BA-91D4ABA3CE4A}
	EndGlobalSection
EndGlobal
